
Microsoft Visual Studio Solution File, Format Version 11.00
# Visual Studio 2010
Project("{FAE04EC0-301F-11D3-BF4B-00C04F79EFBC}") = "VR ball slasher", "Assembly-CSharp.csproj", "{9F65B57B-BCEF-F3E2-9C66-60A785F28BC8}"
EndProject
Project("{FAE04EC0-301F-11D3-BF4B-00C04F79EFBC}") = "VR ball slasher", "Assembly-CSharp-firstpass.csproj", "{798A0664-CB20-BEA9-0EC3-D545EC032F8E}"
EndProject
Project("{FAE04EC0-301F-11D3-BF4B-00C04F79EFBC}") = "VR ball slasher", "Assembly-CSharp-Editor.csproj", "{93927C2E-3230-C25F-E3B5-6022D8302781}"
EndProject
Global
	GlobalSection(SolutionConfigurationPlatforms) = preSolution
		Debug|Any CPU = Debug|Any CPU
		Release|Any CPU = Release|Any CPU
	EndGlobalSection
	GlobalSection(ProjectConfigurationPlatforms) = postSolution
		{9F65B57B-BCEF-F3E2-9C66-60A785F28BC8}.Debug|Any CPU.ActiveCfg = Debug|Any CPU
		{9F65B57B-BCEF-F3E2-9C66-60A785F28BC8}.Debug|Any CPU.Build.0 = Debug|Any CPU
		{9F65B57B-BCEF-F3E2-9C66-60A785F28BC8}.Release|Any CPU.ActiveCfg = Release|Any CPU
		{9F65B57B-BCEF-F3E2-9C66-60A785F28BC8}.Release|Any CPU.Build.0 = Release|Any CPU
		{798A0664-CB20-BEA9-0EC3-D545EC032F8E}.Debug|Any CPU.ActiveCfg = Debug|Any CPU
		{798A0664-CB20-BEA9-0EC3-D545EC032F8E}.Debug|Any CPU.Build.0 = Debug|Any CPU
		{798A0664-CB20-BEA9-0EC3-D545EC032F8E}.Release|Any CPU.ActiveCfg = Release|Any CPU
		{798A0664-CB20-BEA9-0EC3-D545EC032F8E}.Release|Any CPU.Build.0 = Release|Any CPU
		{93927C2E-3230-C25F-E3B5-6022D8302781}.Debug|Any CPU.ActiveCfg = Debug|Any CPU
		{93927C2E-3230-C25F-E3B5-6022D8302781}.Debug|Any CPU.Build.0 = Debug|Any CPU
		{93927C2E-3230-C25F-E3B5-6022D8302781}.Release|Any CPU.ActiveCfg = Release|Any CPU
		{93927C2E-3230-C25F-E3B5-6022D8302781}.Release|Any CPU.Build.0 = Release|Any CPU
	EndGlobalSection
	GlobalSection(SolutionProperties) = preSolution
		HideSolutionNode = FALSE
	EndGlobalSection
	GlobalSection(MonoDevelopProperties) = preSolution
		StartupItem = Assembly-CSharp.csproj
	EndGlobalSection
EndGlobal
